<?xml version="1.0" encoding="utf-8"?>
<Project ToolsVersion="4.0" xmlns="http://schemas.microsoft.com/developer/msbuild/2003">
  <ItemGroup>
    <Filter Include="include">
      <UniqueIdentifier>{93995380-89BD-4b04-88EB-625FBE52EBFB}</UniqueIdentifier>
      <Extensions>h;hh;hpp;hxx;hm;inl;inc;ipp;xsd</Extensions>
    </Filter>
    <Filter Include="source">
      <UniqueIdentifier>{4FC737F1-C7A5-4376-A066-2A32D752A2FF}</UniqueIdentifier>
      <Extensions>cpp;c;cc;cxx;def;odl;idl;hpj;bat;asm;asmx</Extensions>
    </Filter>
    <Filter Include="source\main">
      <UniqueIdentifier>{73881f92-83ed-4238-87f5-cf207faf6ab4}</UniqueIdentifier>
    </Filter>
    <Filter Include="include\main">
      <UniqueIdentifier>{66656b14-cbdb-49f6-9a43-12abe3ec0a4b}</UniqueIdentifier>
    </Filter>
    <Filter Include="include\common">
      <UniqueIdentifier>{90e18890-6005-4237-8125-c3f312635fe9}</UniqueIdentifier>
    </Filter>
    <Filter Include="source\common">
      <UniqueIdentifier>{47b61e73-a288-4653-b9b0-867e97ca8549}</UniqueIdentifier>
    </Filter>
    <Filter Include="include\graphics">
      <UniqueIdentifier>{1b082f2a-e8b3-499a-8f19-efe5eeac0dd4}</UniqueIdentifier>
    </Filter>
    <Filter Include="source\graphics">
      <UniqueIdentifier>{479c539b-7941-461f-bfcc-15573601087d}</UniqueIdentifier>
    </Filter>
    <Filter Include="include\component">
      <UniqueIdentifier>{05bafca3-1ad9-4285-a4d0-c27ff4542172}</UniqueIdentifier>
    </Filter>
    <Filter Include="resource">
      <UniqueIdentifier>{67DA6AB6-F800-4c08-8B7A-83BB121AAD01}</UniqueIdentifier>
      <Extensions>rc;ico;cur;bmp;dlg;rc2;rct;bin;rgs;gif;jpg;jpeg;jpe;resx;tiff;tif;png;wav;mfcribbon-ms</Extensions>
    </Filter>
  </ItemGroup>
  <ItemGroup>
    <ClCompile Include="source\main\plight.cpp">
      <Filter>source\main</Filter>
    </ClCompile>
    <ClCompile Include="source\common\string.cpp">
      <Filter>source\common</Filter>
    </ClCompile>
    <ClCompile Include="source\main\window.cpp">
      <Filter>source\main</Filter>
    </ClCompile>
    <ClCompile Include="source\graphics\renderer.cpp">
      <Filter>source\graphics</Filter>
    </ClCompile>
    <ClCompile Include="source\graphics\shader_manager.cpp">
      <Filter>source\graphics</Filter>
    </ClCompile>
    <ClCompile Include="source\graphics\render_data_factory.cpp">
      <Filter>source\graphics</Filter>
    </ClCompile>
    <ClCompile Include="source\graphics\uniform_data_factory.cpp">
      <Filter>source\graphics</Filter>
    </ClCompile>
    <ClCompile Include="source\graphics\update_uniform.cpp">
      <Filter>source\graphics</Filter>
    </ClCompile>
  </ItemGroup>
  <ItemGroup>
    <ClInclude Include="include\main\plight.h">
      <Filter>include\main</Filter>
    </ClInclude>
    <ClInclude Include="include\common\string.h">
      <Filter>include\common</Filter>
    </ClInclude>
    <ClInclude Include="include\main\window.h">
      <Filter>include\main</Filter>
    </ClInclude>
    <ClInclude Include="include\graphics\renderer.h">
      <Filter>include\graphics</Filter>
    </ClInclude>
    <ClInclude Include="include\graphics\color.h">
      <Filter>include\graphics</Filter>
    </ClInclude>
    <ClInclude Include="include\component\render_data.h">
      <Filter>include\component</Filter>
    </ClInclude>
    <ClInclude Include="include\graphics\shader_manager.h">
      <Filter>include\graphics</Filter>
    </ClInclude>
    <ClInclude Include="include\graphics\render_data_factory.h">
      <Filter>include\graphics</Filter>
    </ClInclude>
    <ClInclude Include="include\graphics\attribute.h">
      <Filter>include\graphics</Filter>
    </ClInclude>
    <ClInclude Include="include\graphics\uniform_info.h">
      <Filter>include\graphics</Filter>
    </ClInclude>
    <ClInclude Include="include\graphics\uniform_data_factory.h">
      <Filter>include\graphics</Filter>
    </ClInclude>
    <ClInclude Include="include\component\uniform_data.h">
      <Filter>include\component</Filter>
    </ClInclude>
    <ClInclude Include="include\common\vector.h">
      <Filter>include\common</Filter>
    </ClInclude>
    <ClInclude Include="include\common\matrix.h">
      <Filter>include\common</Filter>
    </ClInclude>
    <ClInclude Include="include\graphics\update_uniform.h">
      <Filter>include\graphics</Filter>
    </ClInclude>
    <ClInclude Include="include\graphics\update_uniform_cpp.h">
      <Filter>include\graphics</Filter>
    </ClInclude>
  </ItemGroup>
  <ItemGroup>
    <None Include="..\bin_dbg_x64\resource\test_shader.glfs">
      <Filter>resource</Filter>
    </None>
    <None Include="..\bin_dbg_x64\resource\test_shader.glvs">
      <Filter>resource</Filter>
    </None>
  </ItemGroup>
</Project>