<?xml version="1.0" encoding="utf-8"?>
<Project ToolsVersion="4.0" xmlns="http://schemas.microsoft.com/developer/msbuild/2003">
  <ItemGroup>
    <Filter Include="include">
      <UniqueIdentifier>{93995380-89BD-4b04-88EB-625FBE52EBFB}</UniqueIdentifier>
      <Extensions>h;hh;hpp;hxx;hm;inl;inc;ipp;xsd</Extensions>
    </Filter>
    <Filter Include="source">
      <UniqueIdentifier>{4FC737F1-C7A5-4376-A066-2A32D752A2FF}</UniqueIdentifier>
      <Extensions>cpp;c;cc;cxx;def;odl;idl;hpj;bat;asm;asmx</Extensions>
    </Filter>
    <Filter Include="source\main">
      <UniqueIdentifier>{790f6a3d-7a74-4d46-a5d0-e769abde1eac}</UniqueIdentifier>
    </Filter>
    <Filter Include="resource">
      <UniqueIdentifier>{67DA6AB6-F800-4c08-8B7A-83BB121AAD01}</UniqueIdentifier>
      <Extensions>rc;ico;cur;bmp;dlg;rc2;rct;bin;rgs;gif;jpg;jpeg;jpe;resx;tiff;tif;png;wav;mfcribbon-ms</Extensions>
    </Filter>
    <Filter Include="include\system">
      <UniqueIdentifier>{8e71b980-2bab-4c68-9f6d-db2df439a7e9}</UniqueIdentifier>
    </Filter>
    <Filter Include="source\system">
      <UniqueIdentifier>{c1053909-9869-414f-8df6-e5baad17d952}</UniqueIdentifier>
    </Filter>
    <Filter Include="include\component">
      <UniqueIdentifier>{9ab967a5-f8ec-49db-a6aa-4a1d129a0783}</UniqueIdentifier>
    </Filter>
    <Filter Include="include\main">
      <UniqueIdentifier>{94f09280-1b0c-4334-acf5-23c4aa0c8b8d}</UniqueIdentifier>
    </Filter>
  </ItemGroup>
  <ItemGroup>
    <ClCompile Include="source\main\labyrinth.cpp">
      <Filter>source\main</Filter>
    </ClCompile>
    <ClCompile Include="source\system\movement.cpp">
      <Filter>source\system</Filter>
    </ClCompile>
    <ClCompile Include="source\main\application.cpp">
      <Filter>source\main</Filter>
    </ClCompile>
    <ClCompile Include="source\system\uniform_color.cpp">
      <Filter>source\system</Filter>
    </ClCompile>
    <ClCompile Include="source\system\uniform_model_view_matrix.cpp">
      <Filter>source\system</Filter>
    </ClCompile>
    <ClCompile Include="source\system\collision.cpp">
      <Filter>source\system</Filter>
    </ClCompile>
    <ClCompile Include="source\system\position.cpp">
      <Filter>source\system</Filter>
    </ClCompile>
  </ItemGroup>
  <ItemGroup>
    <ClInclude Include="include\system\movement.h">
      <Filter>include\system</Filter>
    </ClInclude>
    <ClInclude Include="include\component\position.h">
      <Filter>include\component</Filter>
    </ClInclude>
    <ClInclude Include="include\main\application.h">
      <Filter>include\main</Filter>
    </ClInclude>
    <ClInclude Include="include\component\uniform_color.h">
      <Filter>include\component</Filter>
    </ClInclude>
    <ClInclude Include="include\system\uniform_color.h">
      <Filter>include\system</Filter>
    </ClInclude>
    <ClInclude Include="include\system\uniform_model_view_matrix.h">
      <Filter>include\system</Filter>
    </ClInclude>
    <ClInclude Include="include\component\uniform_model_view_matrix.h">
      <Filter>include\component</Filter>
    </ClInclude>
    <ClInclude Include="include\system\collision.h">
      <Filter>include\system</Filter>
    </ClInclude>
    <ClInclude Include="include\component\velocity.h">
      <Filter>include\component</Filter>
    </ClInclude>
    <ClInclude Include="include\system\position.h">
      <Filter>include\system</Filter>
    </ClInclude>
    <ClInclude Include="include\component\grid_collider.h">
      <Filter>include\component</Filter>
    </ClInclude>
    <ClInclude Include="include\component\collider.h">
      <Filter>include\component</Filter>
    </ClInclude>
  </ItemGroup>
  <ItemGroup>
    <None Include="..\bin_x64\resource\test_shader.glfs">
      <Filter>resource</Filter>
    </None>
    <None Include="..\bin_x64\resource\test_shader.glvs">
      <Filter>resource</Filter>
    </None>
  </ItemGroup>
</Project>